{
    "_meta": {
        "hash": {
            "sha256": "64fc54b070d2277ed7264988d2557493ad2e72296b218bc18042c73fa87d14ce"
        },
        "pipfile-spec": 6,
        "requires": {},
        "sources": [
            {
                "name": "pypi",
                "url": "https://pypi.python.org/simple",
                "verify_ssl": false
            }
        ]
    },
    "default": {
        "asana": {
            "hashes": [
                "sha256:6331c0b897df60236049423e2a3db5457da6c8011092f7a66017955dc6af6e34",
                "sha256:6c3efacf2883b3e17a25da99d5d4ee4d1eddcd484c17f07fe0e3ed0e42aa2c4b"
            ],
            "version": "==0.9.1"
        },
        "blinker": {
            "hashes": [
                "sha256:471aee25f3992bd325afa3772f1063dbdbbca947a041b8b89466dc00d606f8b6"
            ],
            "version": "==1.4"
        },
        "certifi": {
            "hashes": [
                "sha256:e4f3620cfea4f83eedc95b24abd9cd56f3c4b146dd0177e83a21b4eb49e21e50",
                "sha256:fd7c7c74727ddcf00e9acd26bba8da604ffec95bf1c2144e67aff7a8b50e6cef"
            ],
            "version": "==2019.9.11"
        },
        "cffi": {
            "hashes": [
                "sha256:041c81822e9f84b1d9c401182e174996f0bae9991f33725d059b771744290774",
                "sha256:046ef9a22f5d3eed06334d01b1e836977eeef500d9b78e9ef693f9380ad0b83d",
                "sha256:066bc4c7895c91812eff46f4b1c285220947d4aa46fa0a2651ff85f2afae9c90",
                "sha256:066c7ff148ae33040c01058662d6752fd73fbc8e64787229ea8498c7d7f4041b",
                "sha256:2444d0c61f03dcd26dbf7600cf64354376ee579acad77aef459e34efcb438c63",
                "sha256:300832850b8f7967e278870c5d51e3819b9aad8f0a2c8dbe39ab11f119237f45",
                "sha256:34c77afe85b6b9e967bd8154e3855e847b70ca42043db6ad17f26899a3df1b25",
                "sha256:46de5fa00f7ac09f020729148ff632819649b3e05a007d286242c4882f7b1dc3",
                "sha256:4aa8ee7ba27c472d429b980c51e714a24f47ca296d53f4d7868075b175866f4b",
                "sha256:4d0004eb4351e35ed950c14c11e734182591465a33e960a4ab5e8d4f04d72647",
                "sha256:4e3d3f31a1e202b0f5a35ba3bc4eb41e2fc2b11c1eff38b362de710bcffb5016",
                "sha256:50bec6d35e6b1aaeb17f7c4e2b9374ebf95a8975d57863546fa83e8d31bdb8c4",
                "sha256:55cad9a6df1e2a1d62063f79d0881a414a906a6962bc160ac968cc03ed3efcfb",
                "sha256:5662ad4e4e84f1eaa8efce5da695c5d2e229c563f9d5ce5b0113f71321bcf753",
                "sha256:59b4dc008f98fc6ee2bb4fd7fc786a8d70000d058c2bbe2698275bc53a8d3fa7",
                "sha256:73e1ffefe05e4ccd7bcea61af76f36077b914f92b76f95ccf00b0c1b9186f3f9",
                "sha256:a1f0fd46eba2d71ce1589f7e50a9e2ffaeb739fb2c11e8192aa2b45d5f6cc41f",
                "sha256:a2e85dc204556657661051ff4bab75a84e968669765c8a2cd425918699c3d0e8",
                "sha256:a5457d47dfff24882a21492e5815f891c0ca35fefae8aa742c6c263dac16ef1f",
                "sha256:a8dccd61d52a8dae4a825cdbb7735da530179fea472903eb871a5513b5abbfdc",
                "sha256:ae61af521ed676cf16ae94f30fe202781a38d7178b6b4ab622e4eec8cefaff42",
                "sha256:b012a5edb48288f77a63dba0840c92d0504aa215612da4541b7b42d849bc83a3",
                "sha256:d2c5cfa536227f57f97c92ac30c8109688ace8fa4ac086d19d0af47d134e2909",
                "sha256:d42b5796e20aacc9d15e66befb7a345454eef794fdb0737d1af593447c6c8f45",
                "sha256:dee54f5d30d775f525894d67b1495625dd9322945e7fee00731952e0368ff42d",
                "sha256:e070535507bd6aa07124258171be2ee8dfc19119c28ca94c9dfb7efd23564512",
                "sha256:e1ff2748c84d97b065cc95429814cdba39bcbd77c9c85c89344b317dc0d9cbff",
                "sha256:ed851c75d1e0e043cbf5ca9a8e1b13c4c90f3fbd863dacb01c0808e2b5204201"
            ],
            "version": "==1.12.3"
        },
        "chardet": {
            "hashes": [
                "sha256:84ab92ed1c4d4f16916e05906b6b75a6c0fb5db821cc65e70cbd64a3e2a5eaae",
                "sha256:fc323ffcaeaed0e0a02bf4d117757b98aed530d9ed4531e3e15460124c106691"
            ],
            "version": "==3.0.4"
        },
        "click": {
            "hashes": [
                "sha256:2335065e6395b9e67ca716de5f7526736bfa6ceead690adf616d925bdc622b13",
                "sha256:5b94b49521f6456670fdb30cd82a4eca9412788a93fa6dd6df72c94d5a8ff2d7"
            ],
            "version": "==7.0"
        },
        "comtypes": {
            "hashes": [
                "sha256:0c82d4204d6763e2c03cf1682ce28a60d04451ae77e9acf7d1182a2864423398"
            ],
            "version": "==1.1.3.post2"
        },
        "cx-freeze": {
            "hashes": [
                "sha256:2941a13198719a10a4bdd1f3bdd6793aec69d15a6c9cbb7a9c4fde5133483015",
                "sha256:4240aaf2284c306c3b1e96ab5f156567868e5f28d6a92bdfa48c166115e2308b",
                "sha256:566c23cd07514bcc5368246c0af72af874967308bc5230a759bed2f74331561b",
                "sha256:6f2e578facccbecba668f61baec3983b061778c15b2bf946b67c28d5318b0e64",
                "sha256:775af3fc75484f8544e79ef071bb6591a94c322c0167565a25a22422b8afe7de",
                "sha256:c16fce20608c7df1a6d02ec94a849ebe5d662179e02c83c9d6cfb7c95d05980a",
                "sha256:ca81d8e5f3da9eace9dc20e1c4250b69d2b096f63c6eb5c3e073c4d3df7ceb18"
            ],
            "version": "==6.0"
        },
        "e1839a8": {
            "editable": true,
            "path": "."
        },
        "idna": {
            "hashes": [
                "sha256:c357b3f628cf53ae2c4c05627ecc484553142ca23264e593d327bcde5e9c3407",
                "sha256:ea8b7f6188e6fa117537c3df7da9fc686d485087abf6ac197f9c46432f7e4a3c"
            ],
            "version": "==2.8"
        },
        "oauthlib": {
            "hashes": [
                "sha256:bee41cc35fcca6e988463cacc3bcb8a96224f470ca547e697b604cc697b2f889",
                "sha256:df884cd6cbe20e32633f1db1072e9356f53638e4361bef4e8b03c9127c9328ea"
            ],
            "version": "==3.1.0"
        },
        "peewee": {
            "hashes": [
                "sha256:f3f5c80c51b632d031f60454accadd84f166453a471bff63093ca674973f2a4e"
            ],
            "version": "==3.11.2"
        },
        "py-trello": {
            "hashes": [
                "sha256:3cfc411e62da84755b20c1c4b97803360eed14d79c7f9b59c6e530fa7c4f9cdb"
            ],
            "version": "==0.15.0"
        },
        "pycparser": {
            "hashes": [
                "sha256:a988718abfad80b6b157acce7bf130a30876d27603738ac39f140993246b25b3"
            ],
            "version": "==2.19"
        },
        "pyqt5": {
            "hashes": [
                "sha256:6420d8c9de8746917bd2afe24f29b3722aabde36d1e9f8c34354f5b7fb7b987d",
                "sha256:73f982b60819cc6d7cb0007b8b0cd11073e2546d74e0463726149e6a9d087caa",
                "sha256:8e6125f110133069e8f4a085022cfc6b4a0af5b3c9009999a749007c299e965d",
                "sha256:f8e76070782e68ba200eb2b67babf89ac629df5e36d2f4c680ef34ae40c8f964"
            ],
            "version": "==5.13.1"
        },
        "pyqt5-sip": {
            "hashes": [
                "sha256:304acf771b6033cb4bafc415939d227c91265d30664ed643b298d7e95f509f81",
                "sha256:39d2677f4de46ed4d7aa3b612f31c74c881975efe51c6a23fbb1d9382e4cc850",
                "sha256:54b99a3057e8f01b90d49cca9ca566b1ea23d8920038760f44e75b90c62b9d5f",
                "sha256:59f5332f86f3ccd3ac94674fe91eae6e8aca26da7c6588917cabd0fe22af106d",
                "sha256:72be07a21b0f379987c4ec59bc86834a9719a2f9cfb49606a4d4e34dae9aa549",
                "sha256:7b3b8c015e545fa30e42205fc1115b7c6afcb6acec790ce3f330a06323730523",
                "sha256:7fbb6389c20aff4c3257e89bb1787effffcaf05c32d937c00094ae45846bffd5",
                "sha256:828d9911acc483672a2bae1cc1bf79f591eb3338faad1f2c798aa2f45459a318",
                "sha256:a9460dac973deccc6ff2d90f18fd105cbaada147f84e5917ed79374dcb237758",
                "sha256:aade50f9a1b9d20f6aabe88e8999b10db57218f5c31950160f3f7957dd64e07c",
                "sha256:ac9e5b282d1f0771a8310ed974afe1961ec31e9ae787d052c0e504ea46ae323a",
                "sha256:ba41bd21b89c6713f7077b5f7d4a1c452989190aad5704e215560a266a1ecbab",
                "sha256:c309dbbd6c155e961bfd6893496afa5cd184cce6f7dffd87ea68ee048b6f97e1",
                "sha256:cfc21b1f80d4655ffa776c505a2576b4d148bbc52bb3e33fedbf6cfbdbc09d1b",
                "sha256:d7b26e0b6d81bf14c1239e6a891ac1303a7e882512d990ec330369c7269226d7",
                "sha256:f8b7a3e05235ce58a38bf317f71a5cb4ab45d3b34dc57421dd8cea48e0e4023e"
            ],
            "version": "==4.19.19"
        },
        "pyqtkeybind": {
            "hashes": [
                "sha256:191a9efeaeb9e7e749f1d76a994bfa0a0a5a3cc0e5cf8363d7be1cd8da1c769a",
                "sha256:4508e3de733984be9c84faed7017506a6e055e03f8a84268f5fa03a00722bdb5"
            ],
            "version": "==0.0.3"
        },
        "pyrtm": {
            "hashes": [
                "sha256:b2d701b25ad3f9a1542057f3eb492c5c1d7dbe2b8d1e8f763043dcc14ee1d933"
            ],
            "version": "==0.4.2"
        },
        "python-dateutil": {
            "hashes": [
                "sha256:7e6584c74aeed623791615e26efd690f29817a27c73085b78e4bad02493df2fb",
                "sha256:c89805f6f4d64db21ed966fda138f8a5ed7a4fdbc1a8ee329ce1b74e3c74da9e"
            ],
            "version": "==2.8.0"
        },
        "pytz": {
            "hashes": [
                "sha256:1c557d7d0e871de1f5ccd5833f60fb2550652da6be2693c1e02300743d21500d",
                "sha256:b02c06db6cf09c12dd25137e563b31700d3b80fcc4ad23abb7a315f2789819be"
            ],
            "version": "==2019.3"
        },
        "requests": {
            "hashes": [
                "sha256:11e007a8a2aa0323f5a921e9e6a2d7e4e67d9877e85773fba9ba6419025cbeb4",
                "sha256:9cf5292fcd0f598c671cfc1e0d7d1a7f13bb8085e9a590f48c010551dc6c4b31"
            ],
            "version": "==2.22.0"
        },
        "requests-oauthlib": {
            "hashes": [
                "sha256:50a8ae2ce8273e384895972b56193c7409601a66d4975774c60c2aed869639ca",
                "sha256:883ac416757eada6d3d07054ec7092ac21c7f35cb1d2cf82faf205637081f468"
            ],
            "version": "==0.8.0"
        },
        "six": {
            "hashes": [
                "sha256:3350809f0555b11f552448330d0b52d5f24c91a322ea4a15ef22629740f3761c",
                "sha256:d16a0141ec1a18405cd4ce8b4613101da75da0e9a7aec5bdd4fa804d0e0eba73"
            ],
            "version": "==1.12.0"
        },
        "urllib3": {
            "hashes": [
                "sha256:3de946ffbed6e6746608990594d08faac602528ac7015ac28d33cee6a45b7398",
                "sha256:9a107b99a5393caf59c7aa3c1249c16e6879447533d0887f4336dde834c7be86"
            ],
            "version": "==1.25.6"
        },
        "xcffib": {
            "hashes": [
                "sha256:d6e9aafa88ffdc19c886a96b178926e1e6dcf17e36310c6f92ba088c731fce0e"
            ],
            "version": "==0.8.1"
        }
    },
    "develop": {
        "atomicwrites": {
            "hashes": [
                "sha256:03472c30eb2c5d1ba9227e4c2ca66ab8287fbfbbda3888aa93dc2e28fc6811b4",
                "sha256:75a9445bac02d8d058d5e1fe689654ba5a6556a1dfd8ce6ec55a0ed79866cfa6"
            ],
            "version": "==1.3.0"
        },
        "attrs": {
            "hashes": [
                "sha256:ec20e7a4825331c1b5ebf261d111e16fa9612c1f7a5e1f884f12bd53a664dfd2",
                "sha256:f913492e1663d3c36f502e5e9ba6cd13cf19d7fab50aa13239e420fef95e1396"
            ],
            "version": "==19.2.0"
        },
        "certifi": {
            "hashes": [
                "sha256:e4f3620cfea4f83eedc95b24abd9cd56f3c4b146dd0177e83a21b4eb49e21e50",
                "sha256:fd7c7c74727ddcf00e9acd26bba8da604ffec95bf1c2144e67aff7a8b50e6cef"
            ],
            "version": "==2019.9.11"
        },
        "chardet": {
            "hashes": [
                "sha256:84ab92ed1c4d4f16916e05906b6b75a6c0fb5db821cc65e70cbd64a3e2a5eaae",
                "sha256:fc323ffcaeaed0e0a02bf4d117757b98aed530d9ed4531e3e15460124c106691"
            ],
            "version": "==3.0.4"
        },
        "click": {
            "hashes": [
                "sha256:2335065e6395b9e67ca716de5f7526736bfa6ceead690adf616d925bdc622b13",
                "sha256:5b94b49521f6456670fdb30cd82a4eca9412788a93fa6dd6df72c94d5a8ff2d7"
            ],
            "version": "==7.0"
        },
        "coverage": {
            "hashes": [
                "sha256:08907593569fe59baca0bf152c43f3863201efb6113ecb38ce7e97ce339805a6",
                "sha256:0be0f1ed45fc0c185cfd4ecc19a1d6532d72f86a2bac9de7e24541febad72650",
                "sha256:141f08ed3c4b1847015e2cd62ec06d35e67a3ac185c26f7635f4406b90afa9c5",
                "sha256:19e4df788a0581238e9390c85a7a09af39c7b539b29f25c89209e6c3e371270d",
                "sha256:23cc09ed395b03424d1ae30dcc292615c1372bfba7141eb85e11e50efaa6b351",
                "sha256:245388cda02af78276b479f299bbf3783ef0a6a6273037d7c60dc73b8d8d7755",
                "sha256:331cb5115673a20fb131dadd22f5bcaf7677ef758741312bee4937d71a14b2ef",
                "sha256:386e2e4090f0bc5df274e720105c342263423e77ee8826002dcffe0c9533dbca",
                "sha256:3a794ce50daee01c74a494919d5ebdc23d58873747fa0e288318728533a3e1ca",
                "sha256:60851187677b24c6085248f0a0b9b98d49cba7ecc7ec60ba6b9d2e5574ac1ee9",
                "sha256:63a9a5fc43b58735f65ed63d2cf43508f462dc49857da70b8980ad78d41d52fc",
                "sha256:6b62544bb68106e3f00b21c8930e83e584fdca005d4fffd29bb39fb3ffa03cb5",
                "sha256:6ba744056423ef8d450cf627289166da65903885272055fb4b5e113137cfa14f",
                "sha256:7494b0b0274c5072bddbfd5b4a6c6f18fbbe1ab1d22a41e99cd2d00c8f96ecfe",
                "sha256:826f32b9547c8091679ff292a82aca9c7b9650f9fda3e2ca6bf2ac905b7ce888",
                "sha256:93715dffbcd0678057f947f496484e906bf9509f5c1c38fc9ba3922893cda5f5",
                "sha256:9a334d6c83dfeadae576b4d633a71620d40d1c379129d587faa42ee3e2a85cce",
                "sha256:af7ed8a8aa6957aac47b4268631fa1df984643f07ef00acd374e456364b373f5",
                "sha256:bf0a7aed7f5521c7ca67febd57db473af4762b9622254291fbcbb8cd0ba5e33e",
                "sha256:bf1ef9eb901113a9805287e090452c05547578eaab1b62e4ad456fcc049a9b7e",
                "sha256:c0afd27bc0e307a1ffc04ca5ec010a290e49e3afbe841c5cafc5c5a80ecd81c9",
                "sha256:dd579709a87092c6dbee09d1b7cfa81831040705ffa12a1b248935274aee0437",
                "sha256:df6712284b2e44a065097846488f66840445eb987eb81b3cc6e4149e7b6982e1",
                "sha256:e07d9f1a23e9e93ab5c62902833bf3e4b1f65502927379148b6622686223125c",
                "sha256:e2ede7c1d45e65e209d6093b762e98e8318ddeff95317d07a27a2140b80cfd24",
                "sha256:e4ef9c164eb55123c62411f5936b5c2e521b12356037b6e1c2617cef45523d47",
                "sha256:eca2b7343524e7ba246cab8ff00cab47a2d6d54ada3b02772e908a45675722e2",
                "sha256:eee64c616adeff7db37cc37da4180a3a5b6177f5c46b187894e633f088fb5b28",
                "sha256:ef824cad1f980d27f26166f86856efe11eff9912c4fed97d3804820d43fa550c",
                "sha256:efc89291bd5a08855829a3c522df16d856455297cf35ae827a37edac45f466a7",
                "sha256:fa964bae817babece5aa2e8c1af841bebb6d0b9add8e637548809d040443fee0",
                "sha256:ff37757e068ae606659c28c3bd0d923f9d29a85de79bf25b2b34b148473b5025"
            ],
            "version": "==4.5.4"
        },
        "coveralls": {
            "hashes": [
                "sha256:9bc5a1f92682eef59f688a8f280207190d9a6afb84cef8f567fa47631a784060",
                "sha256:fb51cddef4bc458de347274116df15d641a735d3f0a580a9472174e2e62f408c"
            ],
            "index": "pypi",
            "version": "==1.8.2"
        },
        "cx-freeze": {
            "hashes": [
                "sha256:2941a13198719a10a4bdd1f3bdd6793aec69d15a6c9cbb7a9c4fde5133483015",
                "sha256:4240aaf2284c306c3b1e96ab5f156567868e5f28d6a92bdfa48c166115e2308b",
                "sha256:566c23cd07514bcc5368246c0af72af874967308bc5230a759bed2f74331561b",
                "sha256:6f2e578facccbecba668f61baec3983b061778c15b2bf946b67c28d5318b0e64",
                "sha256:775af3fc75484f8544e79ef071bb6591a94c322c0167565a25a22422b8afe7de",
                "sha256:c16fce20608c7df1a6d02ec94a849ebe5d662179e02c83c9d6cfb7c95d05980a",
                "sha256:ca81d8e5f3da9eace9dc20e1c4250b69d2b096f63c6eb5c3e073c4d3df7ceb18"
            ],
            "version": "==6.0"
        },
        "docopt": {
            "hashes": [
                "sha256:49b3a825280bd66b3aa83585ef59c4a8c82f2c8a522dbe754a8bc8d08c85c491"
            ],
            "version": "==0.6.2"
        },
        "easyprocess": {
            "hashes": [
                "sha256:e1871651a3c9f192090c6f523f48bc73ba6ec651530a8c4cd7e2776a4c54d795",
                "sha256:f757cd16cdab5b87117b4ee6cf197f99bfa109253364c7bd717ad0bcd39218a0"
            ],
            "version": "==0.2.7"
        },
        "flake8": {
            "hashes": [
                "sha256:6a35f5b8761f45c5513e3405f110a86bea57982c3b75b766ce7b65217abe1670",
                "sha256:c01f8a3963b3571a8e6bd7a4063359aff90749e160778e03817cd9b71c9e07d2"
            ],
            "index": "pypi",
            "version": "==3.6.0"
        },
        "flake8-docstrings": {
            "hashes": [
                "sha256:3d5a31c7ec6b7367ea6506a87ec293b94a0a46c0bce2bb4975b7f1d09b6f3717",
                "sha256:a256ba91bc52307bef1de59e2a009c3cf61c3d0952dbe035d6ff7208940c2edc"
            ],
            "index": "pypi",
            "version": "==1.5.0"
        },
        "flake8-per-file-ignores": {
            "hashes": [
                "sha256:2ee2b61e23cc84e7e76b8f7b2ffc135ec0c3331cba776bb5c03ab5d562b0f40c",
                "sha256:aeac75cc29425b3b4b73eaa92941939dbe16b83f689381ebaef1471982fdcb47"
            ],
            "index": "pypi",
            "version": "==0.8.1"
        },
        "htmlmin": {
            "hashes": [
                "sha256:50c1ef4630374a5d723900096a961cff426dff46b48f34d194a81bbe14eca178"
            ],
            "version": "==0.1.12"
        },
        "idna": {
            "hashes": [
                "sha256:c357b3f628cf53ae2c4c05627ecc484553142ca23264e593d327bcde5e9c3407",
                "sha256:ea8b7f6188e6fa117537c3df7da9fc686d485087abf6ac197f9c46432f7e4a3c"
            ],
            "version": "==2.8"
        },
        "importlib-metadata": {
            "hashes": [
                "sha256:aa18d7378b00b40847790e7c27e11673d7fed219354109d0e7b9e5b25dc3ad26",
                "sha256:d5f18a79777f3aa179c145737780282e27b508fc8fd688cb17c7a813e8bd39af"
            ],
            "markers": "python_version < '3.8'",
            "version": "==0.23"
        },
        "jinja2": {
            "hashes": [
                "sha256:74320bb91f31270f9551d46522e33af46a80c3d619f4a4bf42b3164d30b5911f",
                "sha256:9fe95f19286cfefaa917656583d020be14e7859c6b0252588391e47db34527de"
            ],
            "version": "==2.10.3"
        },
        "jsmin": {
            "hashes": [
                "sha256:b6df99b2cd1c75d9d342e4335b535789b8da9107ec748212706ef7bbe5c2553b"
            ],
            "version": "==2.2.2"
        },
        "livereload": {
            "hashes": [
                "sha256:78d55f2c268a8823ba499305dcac64e28ddeb9a92571e12d543cd304faf5817b",
                "sha256:89254f78d7529d7ea0a3417d224c34287ebfe266b05e67e51facaf82c27f0f66"
            ],
            "version": "==2.6.1"
        },
        "markdown": {
            "hashes": [
                "sha256:2e50876bcdd74517e7b71f3e7a76102050edec255b3983403f1a63e7c8a41e7a",
                "sha256:56a46ac655704b91e5b7e6326ce43d5ef72411376588afa1dd90e881b83c7e8c"
            ],
            "version": "==3.1.1"
        },
        "markupsafe": {
            "hashes": [
                "sha256:00bc623926325b26bb9605ae9eae8a215691f33cae5df11ca5424f06f2d1f473",
                "sha256:09027a7803a62ca78792ad89403b1b7a73a01c8cb65909cd876f7fcebd79b161",
                "sha256:09c4b7f37d6c648cb13f9230d847adf22f8171b1ccc4d5682398e77f40309235",
                "sha256:1027c282dad077d0bae18be6794e6b6b8c91d58ed8a8d89a89d59693b9131db5",
                "sha256:24982cc2533820871eba85ba648cd53d8623687ff11cbb805be4ff7b4c971aff",
                "sha256:29872e92839765e546828bb7754a68c418d927cd064fd4708fab9fe9c8bb116b",
                "sha256:43a55c2930bbc139570ac2452adf3d70cdbb3cfe5912c71cdce1c2c6bbd9c5d1",
                "sha256:46c99d2de99945ec5cb54f23c8cd5689f6d7177305ebff350a58ce5f8de1669e",
                "sha256:500d4957e52ddc3351cabf489e79c91c17f6e0899158447047588650b5e69183",
                "sha256:535f6fc4d397c1563d08b88e485c3496cf5784e927af890fb3c3aac7f933ec66",
                "sha256:62fe6c95e3ec8a7fad637b7f3d372c15ec1caa01ab47926cfdf7a75b40e0eac1",
                "sha256:6dd73240d2af64df90aa7c4e7481e23825ea70af4b4922f8ede5b9e35f78a3b1",
                "sha256:717ba8fe3ae9cc0006d7c451f0bb265ee07739daf76355d06366154ee68d221e",
                "sha256:79855e1c5b8da654cf486b830bd42c06e8780cea587384cf6545b7d9ac013a0b",
                "sha256:7c1699dfe0cf8ff607dbdcc1e9b9af1755371f92a68f706051cc8c37d447c905",
                "sha256:88e5fcfb52ee7b911e8bb6d6aa2fd21fbecc674eadd44118a9cc3863f938e735",
                "sha256:8defac2f2ccd6805ebf65f5eeb132adcf2ab57aa11fdf4c0dd5169a004710e7d",
                "sha256:98c7086708b163d425c67c7a91bad6e466bb99d797aa64f965e9d25c12111a5e",
                "sha256:9add70b36c5666a2ed02b43b335fe19002ee5235efd4b8a89bfcf9005bebac0d",
                "sha256:9bf40443012702a1d2070043cb6291650a0841ece432556f784f004937f0f32c",
                "sha256:ade5e387d2ad0d7ebf59146cc00c8044acbd863725f887353a10df825fc8ae21",
                "sha256:b00c1de48212e4cc9603895652c5c410df699856a2853135b3967591e4beebc2",
                "sha256:b1282f8c00509d99fef04d8ba936b156d419be841854fe901d8ae224c59f0be5",
                "sha256:b2051432115498d3562c084a49bba65d97cf251f5a331c64a12ee7e04dacc51b",
                "sha256:ba59edeaa2fc6114428f1637ffff42da1e311e29382d81b339c1817d37ec93c6",
                "sha256:c8716a48d94b06bb3b2524c2b77e055fb313aeb4ea620c8dd03a105574ba704f",
                "sha256:cd5df75523866410809ca100dc9681e301e3c27567cf498077e8551b6d20e42f",
                "sha256:e249096428b3ae81b08327a63a485ad0878de3fb939049038579ac0ef61e17e7"
            ],
            "version": "==1.1.1"
        },
        "mccabe": {
            "hashes": [
                "sha256:ab8a6258860da4b6677da4bd2fe5dc2c659cff31b3ee4f7f5d64e79735b80d42",
                "sha256:dd8d182285a0fe56bace7f45b5e7d1a6ebcbf524e8f3bd87eb0f125271b8831f"
            ],
            "version": "==0.6.1"
        },
        "mkdocs": {
            "hashes": [
                "sha256:17d34329aad75d5de604b9ed4e31df3a4d235afefdc46ce7b1964fddb2e1e939",
                "sha256:8cc8b38325456b9e942c981a209eaeb1e9f3f77b493ad755bfef889b9c8d356a"
            ],
            "index": "pypi",
            "version": "==1.0.4"
        },
        "mkdocs-material": {
            "hashes": [
                "sha256:a5246b550299d00a135a3f739e70ac6db73d7127480f0fecbda113d0095a674a",
                "sha256:e4a9ac73db7c65fdae1dbd248091e4b0a3f5db3e6bf87a46bb457db013a045e4"
            ],
            "index": "pypi",
            "version": "==4.4.3"
        },
        "mkdocs-minify-plugin": {
            "hashes": [
                "sha256:3000a5069dd0f42f56a8aaf7fd5ea1222c67487949617e39585d6b6434b074b6",
                "sha256:d54fdd5be6843dd29fd7af2f7fdd20a9eb4db46f1f6bed914e03b2f58d2d488e"
            ],
            "version": "==0.2.1"
        },
        "more-itertools": {
            "hashes": [
                "sha256:409cd48d4db7052af495b09dec721011634af3753ae1ef92d2b32f73a745f832",
                "sha256:92b8c4b06dac4f0611c0729b2f2ede52b2e1bac1ab48f089c7ddc12e26bb60c4"
            ],
            "version": "==7.2.0"
        },
        "packaging": {
            "hashes": [
                "sha256:28b924174df7a2fa32c1953825ff29c61e2f5e082343165438812f00d3a7fc47",
                "sha256:d9551545c6d761f3def1677baf08ab2a3ca17c56879e70fecba2fc4dde4ed108"
            ],
            "version": "==19.2"
        },
        "pathmatch": {
            "hashes": [
                "sha256:b35db907d0532c66132e5bc8aaa20dbfae916441987c8f0abd53ac538376d9a7"
            ],
            "version": "==0.2.1"
        },
        "pep562": {
            "hashes": [
                "sha256:58cb1cc9ee63d93e62b4905a50357618d526d289919814bea1f0da8f53b79395",
                "sha256:d2a48b178ebf5f8dd31709cc26a19808ef794561fa2fe50ea01ea2bad4d667ef"
            ],
            "version": "==1.0"
        },
        "pluggy": {
            "hashes": [
                "sha256:0db4b7601aae1d35b4a033282da476845aa19185c1e6964b25cf324b5e4ec3e6",
                "sha256:fa5fa1622fa6dd5c030e9cad086fa19ef6a0cf6d7a2d12318e10cb49d6d68f34"
            ],
            "version": "==0.13.0"
        },
        "py": {
            "hashes": [
                "sha256:64f65755aee5b381cea27766a3a147c3f15b9b6b9ac88676de66ba2ae36793fa",
                "sha256:dc639b046a6e2cff5bbe40194ad65936d6ba360b52b3c3fe1d08a82dd50b5e53"
            ],
            "version": "==1.8.0"
        },
        "pycodestyle": {
            "hashes": [
                "sha256:cbc619d09254895b0d12c2c691e237b2e91e9b2ecf5e84c26b35400f93dcfb83",
                "sha256:cbfca99bd594a10f674d0cd97a3d802a1fdef635d4361e1a2658de47ed261e3a"
            ],
            "version": "==2.4.0"
        },
        "pydocstyle": {
            "hashes": [
                "sha256:04c84e034ebb56eb6396c820442b8c4499ac5eb94a3bda88951ac3dc519b6058",
                "sha256:66aff87ffe34b1e49bff2dd03a88ce6843be2f3346b0c9814410d34987fbab59"
            ],
            "version": "==4.0.1"
        },
        "pyfakefs": {
            "hashes": [
                "sha256:2654c665500ea8117b55cab51d4683a83ec1c76ddfae13640e509e4aac64b308",
                "sha256:e85a454bcdab7671243d2b7df386ab6a310f1378bf3317b2b84a7bcf88eff21a"
            ],
            "index": "pypi",
            "version": "==3.6.1"
        },
        "pyflakes": {
            "hashes": [
                "sha256:9a7662ec724d0120012f6e29d6248ae3727d821bba522a0e6b356eff19126a49",
                "sha256:f661252913bc1dbe7fcfcbf0af0db3f42ab65aabd1a6ca68fe5d466bace94dae"
            ],
            "version": "==2.0.0"
        },
        "pygments": {
            "hashes": [
                "sha256:71e430bc85c88a430f000ac1d9b331d2407f681d6f6aec95e8bcfbc3df5b0127",
                "sha256:881c4c157e45f30af185c1ffe8d549d48ac9127433f2c380c24b84572ad66297"
            ],
            "version": "==2.4.2"
        },
        "pymdown-extensions": {
            "hashes": [
                "sha256:24c1a0afbae101c4e2b2675ff4dd936470a90133f93398b9cbe0c855e2d2ec10",
                "sha256:960486dea995f1759dfd517aa140b3d851cd7b44d4c48d276fd2c74fc4e1bce9"
            ],
            "version": "==6.1"
        },
        "pyparsing": {
            "hashes": [
                "sha256:6f98a7b9397e206d78cc01df10131398f1c8b8510a2f4d97d9abd82e1aacdd80",
                "sha256:d9338df12903bbf5d65a0e4e87c2161968b10d2e489652bb47001d82a9b028b4"
            ],
            "version": "==2.4.2"
        },
        "pytest": {
            "hashes": [
                "sha256:7e4800063ccfc306a53c461442526c5571e1462f61583506ce97e4da6a1d88c8",
                "sha256:ca563435f4941d0cb34767301c27bc65c510cb82e90b9ecf9cb52dc2c63caaa0"
            ],
            "index": "pypi",
            "version": "==5.2.1"
        },
        "pytest-cov": {
            "hashes": [
                "sha256:cc6742d8bac45070217169f5f72ceee1e0e55b0221f54bcf24845972d3a47f2b",
                "sha256:cdbdef4f870408ebdbfeb44e63e07eb18bb4619fae852f6e760645fa36172626"
            ],
            "index": "pypi",
            "version": "==2.8.1"
        },
        "pytest-mock": {
            "hashes": [
                "sha256:34520283d459cdf1d0dbb58a132df804697f1b966ecedf808bbf3d255af8f659",
                "sha256:f1ab8aefe795204efe7a015900296d1719e7bf0f4a0558d71e8599da1d1309d0"
            ],
            "index": "pypi",
            "version": "==1.11.1"
        },
        "pytest-qt": {
            "hashes": [
                "sha256:05b9c913f373fee19c69d8f2951e5ae3f123d7c3350c88015c8320f484b0b516",
                "sha256:f6ecf4b38088ae1092cbd5beeaf714516d1f81f8938626a2eac546206cdfe7fa"
            ],
            "index": "pypi",
            "version": "==3.2.2"
        },
        "pytest-xvfb": {
            "hashes": [
                "sha256:a7544ca8d0c7c40db4b40d7a417a7b071c68d6ef6bdf9700872d7a167302f979"
            ],
            "index": "pypi",
            "version": "==1.2.0"
        },
        "pyvirtualdisplay": {
            "hashes": [
                "sha256:07f50759205adaeeb255a88be0ac1dce68da80686e6ca1fc362f4aa54fdbcb5b",
                "sha256:877f9ac9b8344d4bb8f6f4ec0db78db5dabb8f1240b692989e40a330d6fadd6e"
            ],
            "version": "==0.2.4"
        },
        "pyyaml": {
            "hashes": [
                "sha256:0113bc0ec2ad727182326b61326afa3d1d8280ae1122493553fd6f4397f33df9",
                "sha256:01adf0b6c6f61bd11af6e10ca52b7d4057dd0be0343eb9283c878cf3af56aee4",
                "sha256:5124373960b0b3f4aa7df1707e63e9f109b5263eca5976c66e08b1c552d4eaf8",
                "sha256:5ca4f10adbddae56d824b2c09668e91219bb178a1eee1faa56af6f99f11bf696",
                "sha256:7907be34ffa3c5a32b60b95f4d95ea25361c951383a894fec31be7252b2b6f34",
                "sha256:7ec9b2a4ed5cad025c2278a1e6a19c011c80a3caaac804fd2d329e9cc2c287c9",
                "sha256:87ae4c829bb25b9fe99cf71fbb2140c448f534e24c998cc60f39ae4f94396a73",
                "sha256:9de9919becc9cc2ff03637872a440195ac4241c80536632fffeb6a1e25a74299",
                "sha256:a5a85b10e450c66b49f98846937e8cfca1db3127a9d5d1e31ca45c3d0bef4c5b",
                "sha256:b0997827b4f6a7c286c01c5f60384d218dca4ed7d9efa945c3e1aa623d5709ae",
                "sha256:b631ef96d3222e62861443cc89d6563ba3eeb816eeb96b2629345ab795e53681",
                "sha256:bf47c0607522fdbca6c9e817a6e81b08491de50f3766a7a0e6a5be7905961b41",
                "sha256:f81025eddd0327c7d4cfe9b62cf33190e1e736cc6e97502b3ec425f574b3e7a8"
            ],
            "version": "==5.1.2"
        },
        "requests": {
            "hashes": [
                "sha256:11e007a8a2aa0323f5a921e9e6a2d7e4e67d9877e85773fba9ba6419025cbeb4",
                "sha256:9cf5292fcd0f598c671cfc1e0d7d1a7f13bb8085e9a590f48c010551dc6c4b31"
            ],
            "version": "==2.22.0"
        },
        "six": {
            "hashes": [
                "sha256:3350809f0555b11f552448330d0b52d5f24c91a322ea4a15ef22629740f3761c",
                "sha256:d16a0141ec1a18405cd4ce8b4613101da75da0e9a7aec5bdd4fa804d0e0eba73"
            ],
            "version": "==1.12.0"
        },
        "snowballstemmer": {
            "hashes": [
                "sha256:209f257d7533fdb3cb73bdbd24f436239ca3b2fa67d56f6ff88e86be08cc5ef0",
                "sha256:df3bac3df4c2c01363f3dd2cfa78cce2840a79b9f1c2d2de9ce8d31683992f52"
            ],
            "version": "==2.0.0"
        },
        "tornado": {
            "hashes": [
                "sha256:349884248c36801afa19e342a77cc4458caca694b0eda633f5878e458a44cb2c",
                "sha256:398e0d35e086ba38a0427c3b37f4337327231942e731edaa6e9fd1865bbd6f60",
                "sha256:4e73ef678b1a859f0cb29e1d895526a20ea64b5ffd510a2307b5998c7df24281",
                "sha256:559bce3d31484b665259f50cd94c5c28b961b09315ccd838f284687245f416e5",
                "sha256:abbe53a39734ef4aba061fca54e30c6b4639d3e1f59653f0da37a0003de148c7",
                "sha256:c845db36ba616912074c5b1ee897f8e0124df269468f25e4fe21fe72f6edd7a9",
                "sha256:c9399267c926a4e7c418baa5cbe91c7d1cf362d505a1ef898fde44a07c9dd8a5"
            ],
            "version": "==6.0.3"
        },
        "typing": {
            "hashes": [
                "sha256:91dfe6f3f706ee8cc32d38edbbf304e9b7583fb37108fef38229617f8b3eba23",
                "sha256:c8cabb5ab8945cd2f54917be357d134db9cc1eb039e59d1606dc1e60cb1d9d36",
                "sha256:f38d83c5a7a7086543a0f649564d661859c5146a85775ab90c0d2f93ffaa9714"
            ],
            "version": "==3.7.4.1"
        },
        "urllib3": {
            "hashes": [
                "sha256:3de946ffbed6e6746608990594d08faac602528ac7015ac28d33cee6a45b7398",
                "sha256:9a107b99a5393caf59c7aa3c1249c16e6879447533d0887f4336dde834c7be86"
            ],
            "version": "==1.25.6"
        },
        "wcwidth": {
            "hashes": [
                "sha256:3df37372226d6e63e1b1e1eda15c594bca98a22d33a23832a90998faa96bc65e",
                "sha256:f4ebe71925af7b40a864553f761ed559b43544f8f71746c2d756c7fe788ade7c"
            ],
            "version": "==0.1.7"
        },
        "zipp": {
            "hashes": [
                "sha256:3718b1cbcd963c7d4c5511a8240812904164b7f381b647143a89d3b98f9bcd8e",
                "sha256:f06903e9f1f43b12d371004b4ac7b06ab39a44adc747266928ae6debfa7b3335"
            ],
            "version": "==0.6.0"
        }
    }
}
